
Microsoft Visual Studio Solution File, Format Version 12.00
# Visual Studio Version 17
VisualStudioVersion = 17.4.33213.308
MinimumVisualStudioVersion = 10.0.40219.1
Project("{FAE04EC0-301F-11D3-BF4B-00C04F79EFBC}") = "2023-02-27-homework-test", "2023-02-27-homework-test\2023-02-27-homework-test.csproj", "{7EEECDA5-4CBF-4D13-B171-7B9019E8F04E}"
EndProject
Global
	GlobalSection(SolutionConfigurationPlatforms) = preSolution
		Debug|Any CPU = Debug|Any CPU
		Release|Any CPU = Release|Any CPU
	EndGlobalSection
	GlobalSection(ProjectConfigurationPlatforms) = postSolution
		{7EEECDA5-4CBF-4D13-B171-7B9019E8F04E}.Debug|Any CPU.ActiveCfg = Debug|Any CPU
		{7EEECDA5-4CBF-4D13-B171-7B9019E8F04E}.Debug|Any CPU.Build.0 = Debug|Any CPU
		{7EEECDA5-4CBF-4D13-B171-7B9019E8F04E}.Release|Any CPU.ActiveCfg = Release|Any CPU
		{7EEECDA5-4CBF-4D13-B171-7B9019E8F04E}.Release|Any CPU.Build.0 = Release|Any CPU
	EndGlobalSection
	GlobalSection(SolutionProperties) = preSolution
		HideSolutionNode = FALSE
	EndGlobalSection
	GlobalSection(ExtensibilityGlobals) = postSolution
		SolutionGuid = {68D646EE-1738-4104-AC6D-C567A784BB61}
	EndGlobalSection
EndGlobal
